
Microsoft Visual Studio Solution File, Format Version 12.00
# Visual Studio Version 17
VisualStudioVersion = 17.12.35527.113 d17.12
MinimumVisualStudioVersion = 10.0.40219.1
Project("{FAE04EC0-301F-11D3-BF4B-00C04F79EFBC}") = "Car Rental.Web", "Car Rental.Web\Car Rental.Web.csproj", "{FD8D058A-6ED5-48C9-8677-5F9D765267C0}"
EndProject
Project("{FAE04EC0-301F-11D3-BF4B-00C04F79EFBC}") = "Car Rental.Db", "Car Rental.Db\Car Rental.Db.csproj", "{1A665C5B-CCCC-4E82-AA27-D9E464FF7961}"
EndProject
Global
	GlobalSection(SolutionConfigurationPlatforms) = preSolution
		Debug|Any CPU = Debug|Any CPU
		Release|Any CPU = Release|Any CPU
	EndGlobalSection
	GlobalSection(ProjectConfigurationPlatforms) = postSolution
		{FD8D058A-6ED5-48C9-8677-5F9D765267C0}.Debug|Any CPU.ActiveCfg = Debug|Any CPU
		{FD8D058A-6ED5-48C9-8677-5F9D765267C0}.Debug|Any CPU.Build.0 = Debug|Any CPU
		{FD8D058A-6ED5-48C9-8677-5F9D765267C0}.Release|Any CPU.ActiveCfg = Release|Any CPU
		{FD8D058A-6ED5-48C9-8677-5F9D765267C0}.Release|Any CPU.Build.0 = Release|Any CPU
		{1A665C5B-CCCC-4E82-AA27-D9E464FF7961}.Debug|Any CPU.ActiveCfg = Debug|Any CPU
		{1A665C5B-CCCC-4E82-AA27-D9E464FF7961}.Debug|Any CPU.Build.0 = Debug|Any CPU
		{1A665C5B-CCCC-4E82-AA27-D9E464FF7961}.Release|Any CPU.ActiveCfg = Release|Any CPU
		{1A665C5B-CCCC-4E82-AA27-D9E464FF7961}.Release|Any CPU.Build.0 = Release|Any CPU
	EndGlobalSection
	GlobalSection(SolutionProperties) = preSolution
		HideSolutionNode = FALSE
	EndGlobalSection
EndGlobal
